
Microsoft Visual Studio Solution File, Format Version 11.00
# Visual Studio 2010
Project("{FAE04EC0-301F-11D3-BF4B-00C04F79EFBC}") = "QueueClientService", "QueueClientService\QueueClientService.csproj", "{0CCE0BC1-7D7C-493E-BFA9-5D373989185A}"
EndProject
Project("{FAE04EC0-301F-11D3-BF4B-00C04F79EFBC}") = "TestServeice", "TestServeice\TestServeice.csproj", "{E9036A99-4F11-4271-BE97-B312937E4B52}"
	ProjectSection(ProjectDependencies) = postProject
		{0CCE0BC1-7D7C-493E-BFA9-5D373989185A} = {0CCE0BC1-7D7C-493E-BFA9-5D373989185A}
	EndProjectSection
EndProject
Project("{FAE04EC0-301F-11D3-BF4B-00C04F79EFBC}") = "DBUtility", "DBUtility\DBUtility.csproj", "{DFA6E11F-3F14-4C8E-ADDC-59DB187198E8}"
EndProject
Project("{FAE04EC0-301F-11D3-BF4B-00C04F79EFBC}") = "MSSqlToMysql", "MSSqlToMysql\MSSqlToMysql.csproj", "{06366CD9-4DFC-4D59-BBD6-B6AB03AD8B99}"
EndProject
Project("{FAE04EC0-301F-11D3-BF4B-00C04F79EFBC}") = "Entity", "Entity\Entity.csproj", "{CA32C032-D8A0-43F3-B365-95186E701FD2}"
EndProject
Project("{FAE04EC0-301F-11D3-BF4B-00C04F79EFBC}") = "DAL", "DAL\DAL.csproj", "{3FA5CE9B-AE17-4977-9C3F-D6E68D2EB03F}"
EndProject
Project("{FAE04EC0-301F-11D3-BF4B-00C04F79EFBC}") = "QClient", "QClient\QClient.csproj", "{0844B6B9-A223-4D4A-878D-6C1B106827AC}"
	ProjectSection(ProjectDependencies) = postProject
		{0CCE0BC1-7D7C-493E-BFA9-5D373989185A} = {0CCE0BC1-7D7C-493E-BFA9-5D373989185A}
	EndProjectSection
EndProject
Project("{2150E333-8FDC-42A3-9474-1A3956D46DE8}") = "Server", "Server", "{838B4F65-362C-47FF-A988-0B2E4BC20060}"
EndProject
Project("{2150E333-8FDC-42A3-9474-1A3956D46DE8}") = "Clinet", "Clinet", "{84B7F69C-6ECE-40DD-9E98-497AA632045C}"
EndProject
Project("{FAE04EC0-301F-11D3-BF4B-00C04F79EFBC}") = "QSoft", "QSoft\QSoft.csproj", "{91AA7B78-422D-423D-8ECC-232AE2EF6457}"
	ProjectSection(ProjectDependencies) = postProject
		{0CCE0BC1-7D7C-493E-BFA9-5D373989185A} = {0CCE0BC1-7D7C-493E-BFA9-5D373989185A}
	EndProjectSection
EndProject
Global
	GlobalSection(SolutionConfigurationPlatforms) = preSolution
		Debug|Any CPU = Debug|Any CPU
		Debug|Mixed Platforms = Debug|Mixed Platforms
		Debug|x86 = Debug|x86
		Release|Any CPU = Release|Any CPU
		Release|Mixed Platforms = Release|Mixed Platforms
		Release|x86 = Release|x86
	EndGlobalSection
	GlobalSection(ProjectConfigurationPlatforms) = postSolution
		{0CCE0BC1-7D7C-493E-BFA9-5D373989185A}.Debug|Any CPU.ActiveCfg = Debug|Any CPU
		{0CCE0BC1-7D7C-493E-BFA9-5D373989185A}.Debug|Any CPU.Build.0 = Debug|Any CPU
		{0CCE0BC1-7D7C-493E-BFA9-5D373989185A}.Debug|Mixed Platforms.ActiveCfg = Debug|Any CPU
		{0CCE0BC1-7D7C-493E-BFA9-5D373989185A}.Debug|Mixed Platforms.Build.0 = Debug|Any CPU
		{0CCE0BC1-7D7C-493E-BFA9-5D373989185A}.Debug|x86.ActiveCfg = Debug|Any CPU
		{0CCE0BC1-7D7C-493E-BFA9-5D373989185A}.Release|Any CPU.ActiveCfg = Release|Any CPU
		{0CCE0BC1-7D7C-493E-BFA9-5D373989185A}.Release|Any CPU.Build.0 = Release|Any CPU
		{0CCE0BC1-7D7C-493E-BFA9-5D373989185A}.Release|Mixed Platforms.ActiveCfg = Release|Any CPU
		{0CCE0BC1-7D7C-493E-BFA9-5D373989185A}.Release|Mixed Platforms.Build.0 = Release|Any CPU
		{0CCE0BC1-7D7C-493E-BFA9-5D373989185A}.Release|x86.ActiveCfg = Release|Any CPU
		{E9036A99-4F11-4271-BE97-B312937E4B52}.Debug|Any CPU.ActiveCfg = Debug|x86
		{E9036A99-4F11-4271-BE97-B312937E4B52}.Debug|Mixed Platforms.ActiveCfg = Debug|x86
		{E9036A99-4F11-4271-BE97-B312937E4B52}.Debug|Mixed Platforms.Build.0 = Debug|x86
		{E9036A99-4F11-4271-BE97-B312937E4B52}.Debug|x86.ActiveCfg = Debug|x86
		{E9036A99-4F11-4271-BE97-B312937E4B52}.Debug|x86.Build.0 = Debug|x86
		{E9036A99-4F11-4271-BE97-B312937E4B52}.Release|Any CPU.ActiveCfg = Release|x86
		{E9036A99-4F11-4271-BE97-B312937E4B52}.Release|Mixed Platforms.ActiveCfg = Release|x86
		{E9036A99-4F11-4271-BE97-B312937E4B52}.Release|Mixed Platforms.Build.0 = Release|x86
		{E9036A99-4F11-4271-BE97-B312937E4B52}.Release|x86.ActiveCfg = Release|x86
		{E9036A99-4F11-4271-BE97-B312937E4B52}.Release|x86.Build.0 = Release|x86
		{DFA6E11F-3F14-4C8E-ADDC-59DB187198E8}.Debug|Any CPU.ActiveCfg = Debug|Any CPU
		{DFA6E11F-3F14-4C8E-ADDC-59DB187198E8}.Debug|Any CPU.Build.0 = Debug|Any CPU
		{DFA6E11F-3F14-4C8E-ADDC-59DB187198E8}.Debug|Mixed Platforms.ActiveCfg = Debug|Any CPU
		{DFA6E11F-3F14-4C8E-ADDC-59DB187198E8}.Debug|Mixed Platforms.Build.0 = Debug|Any CPU
		{DFA6E11F-3F14-4C8E-ADDC-59DB187198E8}.Debug|x86.ActiveCfg = Debug|Any CPU
		{DFA6E11F-3F14-4C8E-ADDC-59DB187198E8}.Release|Any CPU.ActiveCfg = Release|Any CPU
		{DFA6E11F-3F14-4C8E-ADDC-59DB187198E8}.Release|Any CPU.Build.0 = Release|Any CPU
		{DFA6E11F-3F14-4C8E-ADDC-59DB187198E8}.Release|Mixed Platforms.ActiveCfg = Release|Any CPU
		{DFA6E11F-3F14-4C8E-ADDC-59DB187198E8}.Release|Mixed Platforms.Build.0 = Release|Any CPU
		{DFA6E11F-3F14-4C8E-ADDC-59DB187198E8}.Release|x86.ActiveCfg = Release|Any CPU
		{06366CD9-4DFC-4D59-BBD6-B6AB03AD8B99}.Debug|Any CPU.ActiveCfg = Debug|x86
		{06366CD9-4DFC-4D59-BBD6-B6AB03AD8B99}.Debug|Mixed Platforms.ActiveCfg = Debug|x86
		{06366CD9-4DFC-4D59-BBD6-B6AB03AD8B99}.Debug|Mixed Platforms.Build.0 = Debug|x86
		{06366CD9-4DFC-4D59-BBD6-B6AB03AD8B99}.Debug|x86.ActiveCfg = Debug|x86
		{06366CD9-4DFC-4D59-BBD6-B6AB03AD8B99}.Debug|x86.Build.0 = Debug|x86
		{06366CD9-4DFC-4D59-BBD6-B6AB03AD8B99}.Release|Any CPU.ActiveCfg = Release|x86
		{06366CD9-4DFC-4D59-BBD6-B6AB03AD8B99}.Release|Mixed Platforms.ActiveCfg = Release|x86
		{06366CD9-4DFC-4D59-BBD6-B6AB03AD8B99}.Release|Mixed Platforms.Build.0 = Release|x86
		{06366CD9-4DFC-4D59-BBD6-B6AB03AD8B99}.Release|x86.ActiveCfg = Release|x86
		{06366CD9-4DFC-4D59-BBD6-B6AB03AD8B99}.Release|x86.Build.0 = Release|x86
		{CA32C032-D8A0-43F3-B365-95186E701FD2}.Debug|Any CPU.ActiveCfg = Debug|Any CPU
		{CA32C032-D8A0-43F3-B365-95186E701FD2}.Debug|Any CPU.Build.0 = Debug|Any CPU
		{CA32C032-D8A0-43F3-B365-95186E701FD2}.Debug|Mixed Platforms.ActiveCfg = Debug|Any CPU
		{CA32C032-D8A0-43F3-B365-95186E701FD2}.Debug|Mixed Platforms.Build.0 = Debug|Any CPU
		{CA32C032-D8A0-43F3-B365-95186E701FD2}.Debug|x86.ActiveCfg = Debug|Any CPU
		{CA32C032-D8A0-43F3-B365-95186E701FD2}.Release|Any CPU.ActiveCfg = Release|Any CPU
		{CA32C032-D8A0-43F3-B365-95186E701FD2}.Release|Any CPU.Build.0 = Release|Any CPU
		{CA32C032-D8A0-43F3-B365-95186E701FD2}.Release|Mixed Platforms.ActiveCfg = Release|Any CPU
		{CA32C032-D8A0-43F3-B365-95186E701FD2}.Release|Mixed Platforms.Build.0 = Release|Any CPU
		{CA32C032-D8A0-43F3-B365-95186E701FD2}.Release|x86.ActiveCfg = Release|Any CPU
		{3FA5CE9B-AE17-4977-9C3F-D6E68D2EB03F}.Debug|Any CPU.ActiveCfg = Debug|Any CPU
		{3FA5CE9B-AE17-4977-9C3F-D6E68D2EB03F}.Debug|Any CPU.Build.0 = Debug|Any CPU
		{3FA5CE9B-AE17-4977-9C3F-D6E68D2EB03F}.Debug|Mixed Platforms.ActiveCfg = Debug|Any CPU
		{3FA5CE9B-AE17-4977-9C3F-D6E68D2EB03F}.Debug|Mixed Platforms.Build.0 = Debug|Any CPU
		{3FA5CE9B-AE17-4977-9C3F-D6E68D2EB03F}.Debug|x86.ActiveCfg = Debug|Any CPU
		{3FA5CE9B-AE17-4977-9C3F-D6E68D2EB03F}.Release|Any CPU.ActiveCfg = Release|Any CPU
		{3FA5CE9B-AE17-4977-9C3F-D6E68D2EB03F}.Release|Any CPU.Build.0 = Release|Any CPU
		{3FA5CE9B-AE17-4977-9C3F-D6E68D2EB03F}.Release|Mixed Platforms.ActiveCfg = Release|Any CPU
		{3FA5CE9B-AE17-4977-9C3F-D6E68D2EB03F}.Release|Mixed Platforms.Build.0 = Release|Any CPU
		{3FA5CE9B-AE17-4977-9C3F-D6E68D2EB03F}.Release|x86.ActiveCfg = Release|Any CPU
		{0844B6B9-A223-4D4A-878D-6C1B106827AC}.Debug|Any CPU.ActiveCfg = Debug|x86
		{0844B6B9-A223-4D4A-878D-6C1B106827AC}.Debug|Mixed Platforms.ActiveCfg = Debug|x86
		{0844B6B9-A223-4D4A-878D-6C1B106827AC}.Debug|Mixed Platforms.Build.0 = Debug|x86
		{0844B6B9-A223-4D4A-878D-6C1B106827AC}.Debug|x86.ActiveCfg = Debug|x86
		{0844B6B9-A223-4D4A-878D-6C1B106827AC}.Debug|x86.Build.0 = Debug|x86
		{0844B6B9-A223-4D4A-878D-6C1B106827AC}.Release|Any CPU.ActiveCfg = Release|x86
		{0844B6B9-A223-4D4A-878D-6C1B106827AC}.Release|Mixed Platforms.ActiveCfg = Release|x86
		{0844B6B9-A223-4D4A-878D-6C1B106827AC}.Release|Mixed Platforms.Build.0 = Release|x86
		{0844B6B9-A223-4D4A-878D-6C1B106827AC}.Release|x86.ActiveCfg = Release|x86
		{0844B6B9-A223-4D4A-878D-6C1B106827AC}.Release|x86.Build.0 = Release|x86
		{91AA7B78-422D-423D-8ECC-232AE2EF6457}.Debug|Any CPU.ActiveCfg = Debug|x86
		{91AA7B78-422D-423D-8ECC-232AE2EF6457}.Debug|Mixed Platforms.ActiveCfg = Debug|x86
		{91AA7B78-422D-423D-8ECC-232AE2EF6457}.Debug|Mixed Platforms.Build.0 = Debug|x86
		{91AA7B78-422D-423D-8ECC-232AE2EF6457}.Debug|x86.ActiveCfg = Debug|x86
		{91AA7B78-422D-423D-8ECC-232AE2EF6457}.Debug|x86.Build.0 = Debug|x86
		{91AA7B78-422D-423D-8ECC-232AE2EF6457}.Release|Any CPU.ActiveCfg = Release|x86
		{91AA7B78-422D-423D-8ECC-232AE2EF6457}.Release|Mixed Platforms.ActiveCfg = Release|x86
		{91AA7B78-422D-423D-8ECC-232AE2EF6457}.Release|Mixed Platforms.Build.0 = Release|x86
		{91AA7B78-422D-423D-8ECC-232AE2EF6457}.Release|x86.ActiveCfg = Release|x86
		{91AA7B78-422D-423D-8ECC-232AE2EF6457}.Release|x86.Build.0 = Release|x86
	EndGlobalSection
	GlobalSection(SolutionProperties) = preSolution
		HideSolutionNode = FALSE
	EndGlobalSection
	GlobalSection(NestedProjects) = preSolution
		{E9036A99-4F11-4271-BE97-B312937E4B52} = {838B4F65-362C-47FF-A988-0B2E4BC20060}
		{3FA5CE9B-AE17-4977-9C3F-D6E68D2EB03F} = {838B4F65-362C-47FF-A988-0B2E4BC20060}
		{DFA6E11F-3F14-4C8E-ADDC-59DB187198E8} = {838B4F65-362C-47FF-A988-0B2E4BC20060}
		{CA32C032-D8A0-43F3-B365-95186E701FD2} = {838B4F65-362C-47FF-A988-0B2E4BC20060}
		{06366CD9-4DFC-4D59-BBD6-B6AB03AD8B99} = {838B4F65-362C-47FF-A988-0B2E4BC20060}
		{0CCE0BC1-7D7C-493E-BFA9-5D373989185A} = {838B4F65-362C-47FF-A988-0B2E4BC20060}
		{0844B6B9-A223-4D4A-878D-6C1B106827AC} = {84B7F69C-6ECE-40DD-9E98-497AA632045C}
		{91AA7B78-422D-423D-8ECC-232AE2EF6457} = {84B7F69C-6ECE-40DD-9E98-497AA632045C}
	EndGlobalSection
EndGlobal
